{
    "_meta": {
        "hash": {
            "sha256": "5719115a181669b49c0e610e139ac1e35d45a1e18e9b9cc0f0b8af985169f40b"
        },
        "pipfile-spec": 6,
        "requires": {
            "python_version": "3.10"
        },
        "sources": [
            {
                "name": "pypi",
                "url": "https://pypi.org/simple",
                "verify_ssl": true
            }
        ]
    },
    "default": {
        "numpy": {
            "hashes": [
                "sha256:06fa1ed84aa60ea6ef9f91ba57b5ed963c3729534e6e54055fc151fad0423f0a",
                "sha256:174a8880739c16c925799c018f3f55b8130c1f7c8e75ab0a6fa9d41cab092fd6",
                "sha256:1a13860fdcd95de7cf58bd6f8bc5a5ef81c0b0625eb2c9a783948847abbef2c2",
                "sha256:1cc3d5029a30fb5f06704ad6b23b35e11309491c999838c31f124fee32107c79",
                "sha256:22f8fc02fdbc829e7a8c578dd8d2e15a9074b630d4da29cda483337e300e3ee9",
                "sha256:26c9d33f8e8b846d5a65dd068c14e04018d05533b348d9eaeef6c1bd787f9919",
                "sha256:2b3fca8a5b00184828d12b073af4d0fc5fdd94b1632c2477526f6bd7842d700d",
                "sha256:2beef57fb031dcc0dc8fa4fe297a742027b954949cabb52a2a376c144e5e6060",
                "sha256:36340109af8da8805d8851ef1d74761b3b88e81a9bd80b290bbfed61bd2b4f75",
                "sha256:3703fc9258a4a122d17043e57b35e5ef1c5a5837c3db8be396c82e04c1cf9b0f",
                "sha256:3ced40d4e9e18242f70dd02d739e44698df3dcb010d31f495ff00a31ef6014fe",
                "sha256:4a06263321dfd3598cacb252f51e521a8cb4b6df471bb12a7ee5cbab20ea9167",
                "sha256:4eb8df4bf8d3d90d091e0146f6c28492b0be84da3e409ebef54349f71ed271ef",
                "sha256:5d5244aabd6ed7f312268b9247be47343a654ebea52a60f002dc70c769048e75",
                "sha256:64308ebc366a8ed63fd0bf426b6a9468060962f1a4339ab1074c228fa6ade8e3",
                "sha256:6a3cdb4d9c70e6b8c0814239ead47da00934666f668426fc6e94cce869e13fd7",
                "sha256:854ab91a2906ef29dc3925a064fcd365c7b4da743f84b123002f6139bcb3f8a7",
                "sha256:94cc3c222bb9fb5a12e334d0479b97bb2df446fbe622b470928f5284ffca3f8d",
                "sha256:96ca5482c3dbdd051bcd1fce8034603d6ebfc125a7bd59f55b40d8f5d246832b",
                "sha256:a2bbc29fcb1771cd7b7425f98b05307776a6baf43035d3b80c4b0f29e9545186",
                "sha256:a4cd6ed4a339c21f1d1b0fdf13426cb3b284555c27ac2f156dfdaaa7e16bfab0",
                "sha256:aa18428111fb9a591d7a9cc1b48150097ba6a7e8299fb56bdf574df650e7d1f1",
                "sha256:aa317b2325f7aa0a9471663e6093c210cb2ae9c0ad824732b307d2c51983d5b6",
                "sha256:b04f5dc6b3efdaab541f7857351aac359e6ae3c126e2edb376929bd3b7f92d7e",
                "sha256:b272d4cecc32c9e19911891446b72e986157e6a1809b7b56518b4f3755267523",
                "sha256:b361d369fc7e5e1714cf827b731ca32bff8d411212fccd29ad98ad622449cc36",
                "sha256:b96e7b9c624ef3ae2ae0e04fa9b460f6b9f17ad8b4bec6d7756510f1f6c0c841",
                "sha256:baf8aab04a2c0e859da118f0b38617e5ee65d75b83795055fb66c0d5e9e9b818",
                "sha256:bcc008217145b3d77abd3e4d5ef586e3bdfba8fe17940769f8aa09b99e856c00",
                "sha256:bd3f0091e845164a20bd5a326860c840fe2af79fa12e0469a12768a3ec578d80",
                "sha256:cc392fdcbd21d4be6ae1bb4475a03ce3b025cd49a9be5345d76d7585aea69440",
                "sha256:d73a3abcac238250091b11caef9ad12413dab01669511779bc9b29261dd50210",
                "sha256:f43740ab089277d403aa07567be138fc2a89d4d9892d113b76153e0e412409f8",
                "sha256:f65738447676ab5777f11e6bbbdb8ce11b785e105f690bc45966574816b6d3ea",
                "sha256:f79b231bf5c16b1f39c7f4875e1ded36abee1591e98742b05d8a0fb55d8a3eec",
                "sha256:fe6b44fb8fcdf7eda4ef4461b97b3f63c466b27ab151bec2366db8b197387841"
            ],
            "markers": "python_version >= '3.9'",
            "version": "==1.26.2"
        },
        "packaging": {
            "hashes": [
                "sha256:048fb0e9405036518eaaf48a55953c750c11e1a1b68e0dd1a9d62ed0c092cfc5",
                "sha256:8c491190033a9af7e1d931d0b5dacc2ef47509b34dd0de67ed209b5203fc88c7"
            ],
            "markers": "python_version >= '3.7'",
            "version": "==23.2"
        },
        "pyqtgraph": {
            "hashes": [
                "sha256:58108d8411c7054e0841d8b791ee85e101fc296b9b359c0e01dde38a98ff2ace",
                "sha256:fdcc04ac4b32a7bedf1bf3cf74cbb93ab3ba5687791712bbfa8d0712377d2f2b"
            ],
            "index": "pypi",
            "markers": "python_version >= '3.8'",
            "version": "==0.13.3"
        },
        "pyserial": {
            "hashes": [
                "sha256:3c77e014170dfffbd816e6ffc205e9842efb10be9f58ec16d3e8675b4925cddb",
                "sha256:c4451db6ba391ca6ca299fb3ec7bae67a5c55dde170964c7a14ceefec02f2cf0"
            ],
            "index": "pypi",
            "version": "==3.5"
        },
        "pyside6": {
            "hashes": [
                "sha256:8103f14ed46a05e81acccbfc8388e3321e392fe54f3aa4a13336bd2ed8af5cd4",
                "sha256:d41dfcfa32c89502cdaa20206b7e2aba199072f94b424bc6a4d6f50b10f4eb5a",
                "sha256:d487eab0f9bfc5c9141b474093e16207ff48cd9335e6465a01deb8dff0693fbc",
                "sha256:f40917b7a0c5c7f0c7faaa87e66ffa3b58d9d1d3d977d30fc07e193b82dd6749"
            ],
            "index": "pypi",
            "markers": "python_version < '3.13' and python_version >= '3.8'",
            "version": "==6.6.0"
        },
        "pyside6-addons": {
            "hashes": [
                "sha256:414864f7cfbdf8ac4c5a745566a515f18b6018d5730bf5489cc2716b5e1fcd9b",
                "sha256:5c56e963b841aeaacbc9ca8ca34df45308818dbd6fc59faa2b5a00a299e9892b",
                "sha256:82fe1bb6a1aabf5ab3d8632072dc908aa37fc75b4b46e520258c441bd6b103fb",
                "sha256:e145514a7c37ee3a6ad0ddd693f805ccff6fbd9640a24fb2ef6b7f852882d3e9"
            ],
            "markers": "python_version < '3.13' and python_version >= '3.8'",
            "version": "==6.6.0"
        },
        "pyside6-essentials": {
            "hashes": [
                "sha256:26d27e3e3a18acbc770a69a30774fd345414fe4932fcb89d2cfc4fc130c3eb33",
                "sha256:37d5d9c6ee696a17890f07e7ce1f88f890174bd4aca29f47922ecc959ab28352",
                "sha256:60284641619f964e1cb4d53cf3169d7a385e0378b74edb75610918d2aea1c4e5",
                "sha256:97bbe33f584a09cef6a3fbc1295fb0fd7acaac345bc0f5601bf45d41c91683ac"
            ],
            "markers": "python_version < '3.13' and python_version >= '3.8'",
            "version": "==6.6.0"
        },
        "qdarkstyle": {
            "hashes": [
                "sha256:44bea76ba8ff60bba1741c618b1f9836158e2fde5fc292ebfc7cdde04f3d4eca",
                "sha256:f55bd045c0c78e478ea5a2530f3739a2fcea8cbe038e4869ae450ae30feec3f7"
            ],
            "index": "pypi",
            "version": "==3.2.1"
        },
        "qtpy": {
            "hashes": [
                "sha256:1c1d8c4fa2c884ae742b069151b0abe15b3f70491f3972698c683b8e38de839b",
                "sha256:a5a15ffd519550a1361bdc56ffc07fda56a6af7292f17c7b395d4083af632987"
            ],
            "markers": "python_version >= '3.7'",
            "version": "==2.4.1"
        },
        "shiboken6": {
            "hashes": [
                "sha256:456b89fb4b323e0c5002d92e4d346b48bb4e709db801208df8a0d6b4f5efc33d",
                "sha256:bf23c43e53ffe6097853666ced05358c6640c378e992902a36c4cf77efb0223b",
                "sha256:e62b2610b84f0ff7ed0181a4c535849cdc0654127097b5ef561cf0a33078f245",
                "sha256:fb8c683206c3365f9240fff7f908485384893b02efb089b69ff816b4390baa9a"
            ],
            "markers": "python_version < '3.13' and python_version >= '3.8'",
            "version": "==6.6.0"
        },
        "tk": {
            "hashes": [
                "sha256:60bc8923d5d35f67f5c6bd93d4f0c49d2048114ec077768f959aef36d4ed97f8",
                "sha256:703a69ff0d5ba2bd2f7440582ad10160e4a6561595d33457dc6caa79b9bf4930"
            ],
            "index": "pypi",
            "version": "==0.1.0"
        }
    },
    "develop": {}
}
